PODS:
  - abseil/algorithm/algorithm (1.20200225.0):
    - abseil/base/config
  - abseil/algorithm/container (1.20200225.0):
    - abseil/algorithm/algorithm
    - abseil/base/core_headers
    - abseil/meta/type_traits
  - abseil/base/atomic_hook (1.20200225.0):
    - abseil/base/config
    - abseil/base/core_headers
  - abseil/base/base (1.20200225.0):
    - abseil/base/atomic_hook
    - abseil/base/base_internal
    - abseil/base/config
    - abseil/base/core_headers
    - abseil/base/dynamic_annotations
    - abseil/base/log_severity
    - abseil/base/raw_logging_internal
    - abseil/base/spinlock_wait
    - abseil/meta/type_traits
  - abseil/base/base_internal (1.20200225.0):
    - abseil/base/config
    - abseil/meta/type_traits
  - abseil/base/bits (1.20200225.0):
    - abseil/base/config
    - abseil/base/core_headers
  - abseil/base/config (1.20200225.0)
  - abseil/base/core_headers (1.20200225.0):
    - abseil/base/config
  - abseil/base/dynamic_annotations (1.20200225.0)
  - abseil/base/endian (1.20200225.0):
    - abseil/base/config
    - abseil/base/core_headers
  - abseil/base/errno_saver (1.20200225.0):
    - abseil/base/config
  - abseil/base/exponential_biased (1.20200225.0):
    - abseil/base/config
    - abseil/base/core_headers
  - abseil/base/log_severity (1.20200225.0):
    - abseil/base/config
    - abseil/base/core_headers
  - abseil/base/malloc_internal (1.20200225.0):
    - abseil/base/base
    - abseil/base/base_internal
    - abseil/base/config
    - abseil/base/core_headers
    - abseil/base/dynamic_annotations
    - abseil/base/raw_logging_internal
  - abseil/base/raw_logging_internal (1.20200225.0):
    - abseil/base/atomic_hook
    - abseil/base/config
    - abseil/base/core_headers
    - abseil/base/log_severity
  - abseil/base/spinlock_wait (1.20200225.0):
    - abseil/base/base_internal
    - abseil/base/core_headers
    - abseil/base/errno_saver
  - abseil/base/throw_delegate (1.20200225.0):
    - abseil/base/config
    - abseil/base/raw_logging_internal
  - abseil/container/common (1.20200225.0):
    - abseil/meta/type_traits
    - abseil/types/optional
  - abseil/container/compressed_tuple (1.20200225.0):
    - abseil/utility/utility
  - abseil/container/container_memory (1.20200225.0):
    - abseil/memory/memory
    - abseil/utility/utility
  - abseil/container/fixed_array (1.20200225.0):
    - abseil/algorithm/algorithm
    - abseil/base/core_headers
    - abseil/base/dynamic_annotations
    - abseil/base/throw_delegate
    - abseil/container/compressed_tuple
    - abseil/memory/memory
  - abseil/container/flat_hash_set (1.20200225.0):
    - abseil/algorithm/container
    - abseil/base/core_headers
    - abseil/container/container_memory
    - abseil/container/hash_function_defaults
    - abseil/container/raw_hash_set
    - abseil/memory/memory
  - abseil/container/hash_function_defaults (1.20200225.0):
    - abseil/base/config
    - abseil/hash/hash
    - abseil/strings/strings
  - abseil/container/hash_policy_traits (1.20200225.0):
    - abseil/meta/type_traits
  - abseil/container/hashtable_debug_hooks (1.20200225.0):
    - abseil/base/config
  - abseil/container/hashtablez_sampler (1.20200225.0):
    - abseil/base/base
    - abseil/base/core_headers
    - abseil/base/exponential_biased
    - abseil/container/have_sse
    - abseil/debugging/stacktrace
    - abseil/memory/memory
    - abseil/synchronization/synchronization
    - abseil/utility/utility
  - abseil/container/have_sse (1.20200225.0)
  - abseil/container/inlined_vector (1.20200225.0):
    - abseil/algorithm/algorithm
    - abseil/base/core_headers
    - abseil/base/throw_delegate
    - abseil/container/inlined_vector_internal
    - abseil/memory/memory
  - abseil/container/inlined_vector_internal (1.20200225.0):
    - abseil/base/core_headers
    - abseil/container/compressed_tuple
    - abseil/memory/memory
    - abseil/meta/type_traits
    - abseil/types/span
  - abseil/container/layout (1.20200225.0):
    - abseil/base/core_headers
    - abseil/meta/type_traits
    - abseil/strings/strings
    - abseil/types/span
    - abseil/utility/utility
  - abseil/container/raw_hash_set (1.20200225.0):
    - abseil/base/bits
    - abseil/base/config
    - abseil/base/core_headers
    - abseil/base/endian
    - abseil/container/common
    - abseil/container/compressed_tuple
    - abseil/container/container_memory
    - abseil/container/hash_policy_traits
    - abseil/container/hashtable_debug_hooks
    - abseil/container/hashtablez_sampler
    - abseil/container/have_sse
    - abseil/container/layout
    - abseil/memory/memory
    - abseil/meta/type_traits
    - abseil/utility/utility
  - abseil/debugging/debugging_internal (1.20200225.0):
    - abseil/base/config
    - abseil/base/core_headers
    - abseil/base/dynamic_annotations
    - abseil/base/errno_saver
    - abseil/base/raw_logging_internal
  - abseil/debugging/demangle_internal (1.20200225.0):
    - abseil/base/base
    - abseil/base/config
    - abseil/base/core_headers
  - abseil/debugging/stacktrace (1.20200225.0):
    - abseil/base/config
    - abseil/base/core_headers
    - abseil/debugging/debugging_internal
  - abseil/debugging/symbolize (1.20200225.0):
    - abseil/base/base
    - abseil/base/config
    - abseil/base/core_headers
    - abseil/base/dynamic_annotations
    - abseil/base/malloc_internal
    - abseil/base/raw_logging_internal
    - abseil/debugging/debugging_internal
    - abseil/debugging/demangle_internal
  - abseil/functional/function_ref (1.20200225.0):
    - abseil/base/base_internal
    - abseil/meta/type_traits
  - abseil/hash/city (1.20200225.0):
    - abseil/base/config
    - abseil/base/core_headers
    - abseil/base/endian
  - abseil/hash/hash (1.20200225.0):
    - abseil/base/core_headers
    - abseil/base/endian
    - abseil/container/fixed_array
    - abseil/hash/city
    - abseil/meta/type_traits
    - abseil/numeric/int128
    - abseil/strings/strings
    - abseil/types/optional
    - abseil/types/variant
    - abseil/utility/utility
  - abseil/memory/memory (1.20200225.0):
    - abseil/base/core_headers
    - abseil/meta/type_traits
  - abseil/meta/type_traits (1.20200225.0):
    - abseil/base/config
  - abseil/numeric/int128 (1.20200225.0):
    - abseil/base/config
    - abseil/base/core_headers
  - abseil/status/status (1.20200225.0):
    - abseil/base/config
    - abseil/base/core_headers
    - abseil/base/raw_logging_internal
    - abseil/container/inlined_vector
    - abseil/debugging/stacktrace
    - abseil/debugging/symbolize
    - abseil/strings/cord
    - abseil/strings/str_format
    - abseil/strings/strings
    - abseil/types/optional
  - abseil/strings/cord (1.20200225.0):
    - abseil/base/base
    - abseil/base/base_internal
    - abseil/base/core_headers
    - abseil/base/endian
    - abseil/base/raw_logging_internal
    - abseil/container/fixed_array
    - abseil/container/inlined_vector
    - abseil/functional/function_ref
    - abseil/meta/type_traits
    - abseil/strings/cord_internal
    - abseil/strings/internal
    - abseil/strings/str_format
    - abseil/strings/strings
    - abseil/types/optional
  - abseil/strings/cord_internal (1.20200225.0):
    - abseil/meta/type_traits
    - abseil/strings/strings
  - abseil/strings/internal (1.20200225.0):
    - abseil/base/config
    - abseil/base/core_headers
    - abseil/base/endian
    - abseil/base/raw_logging_internal
    - abseil/meta/type_traits
  - abseil/strings/str_format (1.20200225.0):
    - abseil/strings/str_format_internal
  - abseil/strings/str_format_internal (1.20200225.0):
    - abseil/base/config
    - abseil/base/core_headers
    - abseil/meta/type_traits
    - abseil/numeric/int128
    - abseil/strings/strings
    - abseil/types/span
  - abseil/strings/strings (1.20200225.0):
    - abseil/base/base
    - abseil/base/bits
    - abseil/base/config
    - abseil/base/core_headers
    - abseil/base/endian
    - abseil/base/raw_logging_internal
    - abseil/base/throw_delegate
    - abseil/memory/memory
    - abseil/meta/type_traits
    - abseil/numeric/int128
    - abseil/strings/internal
  - abseil/synchronization/graphcycles_internal (1.20200225.0):
    - abseil/base/base
    - abseil/base/base_internal
    - abseil/base/config
    - abseil/base/core_headers
    - abseil/base/malloc_internal
    - abseil/base/raw_logging_internal
  - abseil/synchronization/kernel_timeout_internal (1.20200225.0):
    - abseil/base/core_headers
    - abseil/base/raw_logging_internal
    - abseil/time/time
  - abseil/synchronization/synchronization (1.20200225.0):
    - abseil/base/atomic_hook
    - abseil/base/base
    - abseil/base/base_internal
    - abseil/base/config
    - abseil/base/core_headers
    - abseil/base/dynamic_annotations
    - abseil/base/malloc_internal
    - abseil/base/raw_logging_internal
    - abseil/debugging/stacktrace
    - abseil/debugging/symbolize
    - abseil/synchronization/graphcycles_internal
    - abseil/synchronization/kernel_timeout_internal
    - abseil/time/time
  - abseil/time/internal/cctz/civil_time (1.20200225.0):
    - abseil/base/config
  - abseil/time/internal/cctz/time_zone (1.20200225.0):
    - abseil/base/config
    - abseil/time/internal/cctz/civil_time
  - abseil/time/time (1.20200225.0):
    - abseil/base/base
    - abseil/base/core_headers
    - abseil/base/raw_logging_internal
    - abseil/numeric/int128
    - abseil/strings/strings
    - abseil/time/internal/cctz/civil_time
    - abseil/time/internal/cctz/time_zone
  - abseil/types/bad_optional_access (1.20200225.0):
    - abseil/base/config
    - abseil/base/raw_logging_internal
  - abseil/types/bad_variant_access (1.20200225.0):
    - abseil/base/config
    - abseil/base/raw_logging_internal
  - abseil/types/optional (1.20200225.0):
    - abseil/base/base_internal
    - abseil/base/config
    - abseil/base/core_headers
    - abseil/memory/memory
    - abseil/meta/type_traits
    - abseil/types/bad_optional_access
    - abseil/utility/utility
  - abseil/types/span (1.20200225.0):
    - abseil/algorithm/algorithm
    - abseil/base/core_headers
    - abseil/base/throw_delegate
    - abseil/meta/type_traits
  - abseil/types/variant (1.20200225.0):
    - abseil/base/base_internal
    - abseil/base/config
    - abseil/base/core_headers
    - abseil/meta/type_traits
    - abseil/types/bad_variant_access
    - abseil/utility/utility
  - abseil/utility/utility (1.20200225.0):
    - abseil/base/base_internal
    - abseil/base/config
    - abseil/meta/type_traits
  - AFNetworking (4.0.0):
    - AFNetworking/NSURLSession (= 4.0.0)
    - AFNetworking/Reachability (= 4.0.0)
    - AFNetworking/Security (= 4.0.0)
    - AFNetworking/Serialization (= 4.0.0)
    - AFNetworking/UIKit (= 4.0.0)
  - AFNetworking/NSURLSession (4.0.0):
    - AFNetworking/Reachability
    - AFNetworking/Security
    - AFNetworking/Serialization
  - AFNetworking/Reachability (4.0.0)
  - AFNetworking/Security (4.0.0)
  - AFNetworking/Serialization (4.0.0)
  - AFNetworking/UIKit (4.0.0):
    - AFNetworking/NSURLSession
  - Alamofire (4.9.1)
  - Alamofire-SwiftyJSON (3.0.0):
    - Alamofire (~> 4.5)
    - SwiftyJSON (~> 4.0.0)
  - AlamofireImage (3.3.1):
    - Alamofire (~> 4.5)
  - ALLoadingView (1.1.5)
  - BoringSSL-GRPC (0.0.12):
    - BoringSSL-GRPC/Implementation (= 0.0.12)
    - BoringSSL-GRPC/Interface (= 0.0.12)
  - BoringSSL-GRPC/Implementation (0.0.12):
    - BoringSSL-GRPC/Interface (= 0.0.12)
  - BoringSSL-GRPC/Interface (0.0.12)
  - CollapseTableView (1.0.3)
  - DeviceKit (1.4.0)
  - DropDown (2.0.2)
  - FBSDKCoreKit (5.10.0):
    - FBSDKCoreKit/Basics (= 5.10.0)
    - FBSDKCoreKit/Core (= 5.10.0)
  - FBSDKCoreKit/Basics (5.10.0)
  - FBSDKCoreKit/Core (5.10.0):
    - FBSDKCoreKit/Basics
  - FBSDKLoginKit (5.10.0):
    - FBSDKLoginKit/Login (= 5.10.0)
  - FBSDKLoginKit/Login (5.10.0):
    - FBSDKCoreKit (~> 5.0)
  - FBSDKShareKit (5.10.0):
    - FBSDKShareKit/Share (= 5.10.0)
  - FBSDKShareKit/Share (5.10.0):
    - FBSDKCoreKit (~> 5.0)
  - Firebase/Auth (4.8.0):
    - Firebase/Core
    - FirebaseAuth (= 4.4.1)
  - Firebase/Core (4.8.0):
    - FirebaseAnalytics (= 4.0.5)
    - FirebaseCore (= 4.0.13)
  - Firebase/Firestore (4.8.0):
    - Firebase/Core
    - FirebaseFirestore (= 0.9.4)
  - Firebase/Messaging (4.8.0):
    - Firebase/Core
    - FirebaseMessaging (= 2.0.8)
  - Firebase/Storage (4.8.0):
    - Firebase/Core
    - FirebaseStorage (= 2.1.1)
  - FirebaseAnalytics (4.0.5):
    - FirebaseCore (~> 4.0)
    - FirebaseInstanceID (~> 2.0)
    - "GoogleToolboxForMac/NSData+zlib (~> 2.1)"
    - nanopb (~> 0.3)
  - FirebaseAuth (4.4.1):
    - FirebaseAnalytics (~> 4.0)
    - "GoogleToolboxForMac/NSDictionary+URLArguments (~> 2.1)"
    - GTMSessionFetcher/Core (~> 1.1)
  - FirebaseCore (4.0.13):
    - "GoogleToolboxForMac/NSData+zlib (~> 2.1)"
  - FirebaseFirestore (0.9.4):
    - FirebaseAnalytics (~> 4.0)
    - FirebaseCore (~> 4.0)
    - gRPC-ProtoRPC (~> 1.0)
    - leveldb-library (~> 1.18)
    - Protobuf (~> 3.1)
  - FirebaseInstanceID (2.0.8):
    - FirebaseCore (~> 4.0)
  - FirebaseMessaging (2.0.8):
    - FirebaseAnalytics (~> 4.0)
    - FirebaseCore (~> 4.0)
    - FirebaseInstanceID (~> 2.0)
    - GoogleToolboxForMac/Logger (~> 2.1)
    - Protobuf (~> 3.1)
  - FirebaseStorage (2.1.1):
    - FirebaseAnalytics (~> 4.0)
    - FirebaseCore (~> 4.0)
    - GTMSessionFetcher/Core (~> 1.1)
  - GoogleAnalytics (3.17.0)
  - GoogleMaps (3.1.0):
    - GoogleMaps/Maps (= 3.1.0)
  - GoogleMaps/Base (3.1.0)
  - GoogleMaps/Maps (3.1.0):
    - GoogleMaps/Base
  - GooglePlacePicker (3.1.0):
    - GoogleMaps (= 3.1.0)
    - GooglePlaces (= 3.1.0)
  - GooglePlaces (3.1.0):
    - GoogleMaps/Base (= 3.1.0)
  - GoogleSignIn (4.1.1):
    - "GoogleToolboxForMac/NSDictionary+URLArguments (~> 2.1)"
    - "GoogleToolboxForMac/NSString+URLArguments (~> 2.1)"
    - GTMOAuth2 (~> 1.0)
    - GTMSessionFetcher/Core (~> 1.1)
  - GoogleToolboxForMac/DebugUtils (2.1.3):
    - GoogleToolboxForMac/Defines (= 2.1.3)
  - GoogleToolboxForMac/Defines (2.1.3)
  - GoogleToolboxForMac/Logger (2.1.3):
    - GoogleToolboxForMac/Defines (= 2.1.3)
  - "GoogleToolboxForMac/NSData+zlib (2.1.3)":
    - GoogleToolboxForMac/Defines (= 2.1.3)
  - "GoogleToolboxForMac/NSDictionary+URLArguments (2.1.3)":
    - GoogleToolboxForMac/DebugUtils (= 2.1.3)
    - GoogleToolboxForMac/Defines (= 2.1.3)
    - "GoogleToolboxForMac/NSString+URLArguments (= 2.1.3)"
  - "GoogleToolboxForMac/NSString+URLArguments (2.1.3)"
  - gRPC-Core (1.32.0):
    - gRPC-Core/Implementation (= 1.32.0)
    - gRPC-Core/Interface (= 1.32.0)
  - gRPC-Core/Implementation (1.32.0):
    - abseil/base/base (= 1.20200225.0)
    - abseil/container/flat_hash_set (= 1.20200225.0)
    - abseil/container/inlined_vector (= 1.20200225.0)
    - abseil/memory/memory (= 1.20200225.0)
    - abseil/status/status (= 1.20200225.0)
    - abseil/strings/str_format (= 1.20200225.0)
    - abseil/strings/strings (= 1.20200225.0)
    - abseil/synchronization/synchronization (= 1.20200225.0)
    - abseil/time/time (= 1.20200225.0)
    - abseil/types/optional (= 1.20200225.0)
    - BoringSSL-GRPC (= 0.0.12)
    - gRPC-Core/Interface (= 1.32.0)
  - gRPC-Core/Interface (1.32.0)
  - gRPC-ProtoRPC (1.32.0):
    - gRPC-ProtoRPC/Legacy (= 1.32.0)
    - gRPC-ProtoRPC/Legacy-Header (= 1.32.0)
    - gRPC-ProtoRPC/Main (= 1.32.0)
  - gRPC-ProtoRPC/Legacy (1.32.0):
    - gRPC-ProtoRPC/Legacy-Header (= 1.32.0)
    - gRPC-ProtoRPC/Main (= 1.32.0)
    - gRPC-RxLibrary (= 1.32.0)
    - gRPC/GRPCCore (= 1.32.0)
    - Protobuf (~> 3.0)
  - gRPC-ProtoRPC/Legacy-Header (1.32.0)
  - gRPC-ProtoRPC/Main (1.32.0):
    - gRPC-ProtoRPC/Legacy-Header (= 1.32.0)
    - gRPC/Interface (= 1.32.0)
    - Protobuf (~> 3.0)
  - gRPC-RxLibrary (1.32.0):
    - gRPC-RxLibrary/Implementation (= 1.32.0)
    - gRPC-RxLibrary/Interface (= 1.32.0)
  - gRPC-RxLibrary/Implementation (1.32.0):
    - gRPC-RxLibrary/Interface
  - gRPC-RxLibrary/Interface (1.32.0)
  - gRPC/GRPCCore (1.32.0):
    - gRPC-Core (= 1.32.0)
    - gRPC-RxLibrary (= 1.32.0)
    - gRPC/Interface (= 1.32.0)
    - gRPC/Interface-Legacy (= 1.32.0)
  - gRPC/Interface (1.32.0):
    - gRPC/Interface-Legacy (= 1.32.0)
  - gRPC/Interface-Legacy (1.32.0):
    - gRPC-RxLibrary/Interface (= 1.32.0)
  - GTMOAuth2 (1.1.6):
    - GTMSessionFetcher (~> 1.1)
  - GTMSessionFetcher (1.1.12):
    - GTMSessionFetcher/Full (= 1.1.12)
  - GTMSessionFetcher/Core (1.1.12)
  - GTMSessionFetcher/Full (1.1.12):
    - GTMSessionFetcher/Core (= 1.1.12)
  - ImageSlideshow (1.8.1):
    - ImageSlideshow/Core (= 1.8.1)
  - ImageSlideshow/Alamofire (1.8.1):
    - AlamofireImage (~> 3.0)
    - ImageSlideshow/Core
  - ImageSlideshow/Core (1.8.1)
  - IQKeyboardManagerSwift (5.0.7)
  - JGProgressHUD (2.0.3)
  - Kingfisher (5.15.3):
    - Kingfisher/Core (= 5.15.3)
  - Kingfisher/Core (5.15.3)
  - leveldb-library (1.22)
  - Mapbox-iOS-SDK (5.4.0)
  - MapboxGeocoder.swift (0.11.0)
  - MarqueeLabel/Swift (3.2.0)
  - nanopb (0.3.8):
    - nanopb/decode (= 0.3.8)
    - nanopb/encode (= 0.3.8)
  - nanopb/decode (0.3.8)
  - nanopb/encode (0.3.8)
  - NotificationBannerSwift (1.7.1):
    - MarqueeLabel/Swift (~> 3.2.0)
    - SnapKit (~> 4.0.1)
  - NVActivityIndicatorView (4.1.1):
    - NVActivityIndicatorView/Presenter (= 4.1.1)
  - NVActivityIndicatorView/Presenter (4.1.1)
  - OpalImagePicker (2.0.0)
  - Protobuf (3.5.0)
  - SDWebImage (4.2.3):
    - SDWebImage/Core (= 4.2.3)
  - SDWebImage/Core (4.2.3)
  - SlideMenuControllerSwift (4.0.0)
  - SnapKit (4.0.1)
  - Stripe (19.3.0)
  - SwiftyJSON (4.0.0)
  - TextFieldEffects (1.4.0)
  - "UITextField+Shake (1.2.1)"
  - XLPagerTabStrip (8.1.0)

DEPENDENCIES:
  - AFNetworking
  - Alamofire
  - Alamofire-SwiftyJSON
  - ALLoadingView
  - CollapseTableView
  - DeviceKit
  - DropDown
  - FBSDKCoreKit
  - FBSDKLoginKit
  - FBSDKShareKit
  - Firebase/Auth
  - Firebase/Core
  - Firebase/Firestore
  - Firebase/Messaging
  - Firebase/Storage
  - GoogleAnalytics
  - GoogleMaps
  - GooglePlacePicker
  - GooglePlaces
  - GoogleSignIn
  - ImageSlideshow
  - ImageSlideshow/Alamofire
  - IQKeyboardManagerSwift
  - JGProgressHUD
  - Kingfisher
  - Mapbox-iOS-SDK
  - Mapbox-iOS-SDK (~> 5.4)
  - MapboxGeocoder.swift
  - MapboxGeocoder.swift (~> 0.11)
  - NotificationBannerSwift
  - NVActivityIndicatorView
  - OpalImagePicker
  - SDWebImage
  - SlideMenuControllerSwift
  - Stripe
  - TextFieldEffects
  - "UITextField+Shake"
  - XLPagerTabStrip (~> 8.1)

SPEC REPOS:
  trunk:
    - abseil
    - AFNetworking
    - Alamofire
    - Alamofire-SwiftyJSON
    - AlamofireImage
    - ALLoadingView
    - BoringSSL-GRPC
    - CollapseTableView
    - DeviceKit
    - DropDown
    - FBSDKCoreKit
    - FBSDKLoginKit
    - FBSDKShareKit
    - Firebase
    - FirebaseAnalytics
    - FirebaseAuth
    - FirebaseCore
    - FirebaseFirestore
    - FirebaseInstanceID
    - FirebaseMessaging
    - FirebaseStorage
    - GoogleAnalytics
    - GoogleMaps
    - GooglePlacePicker
    - GooglePlaces
    - GoogleSignIn
    - GoogleToolboxForMac
    - gRPC
    - gRPC-Core
    - gRPC-ProtoRPC
    - gRPC-RxLibrary
    - GTMOAuth2
    - GTMSessionFetcher
    - ImageSlideshow
    - IQKeyboardManagerSwift
    - JGProgressHUD
    - Kingfisher
    - leveldb-library
    - Mapbox-iOS-SDK
    - MapboxGeocoder.swift
    - MarqueeLabel
    - nanopb
    - NotificationBannerSwift
    - NVActivityIndicatorView
    - OpalImagePicker
    - Protobuf
    - SDWebImage
    - SlideMenuControllerSwift
    - SnapKit
    - Stripe
    - SwiftyJSON
    - TextFieldEffects
    - "UITextField+Shake"
    - XLPagerTabStrip

SPEC CHECKSUMS:
  abseil: 4fcdce446caa49368e0f5ba328cff93326c72a49
  AFNetworking: d9fdf484a3c723ec3c558a41cc5754c7e845ee77
  Alamofire: 85e8a02c69d6020a0d734f6054870d7ecb75cf18
  Alamofire-SwiftyJSON: 2b3649d57dc7bb2880fb8b86f8bb969397666916
  AlamofireImage: 3b35b586853abaf94ca1250f4e94cff3c21a4c0d
  ALLoadingView: 5f3a5e73402d3ec178dae51ebdb39c1d64c0a87b
  BoringSSL-GRPC: 0cd95890148852684de1b0eaabd54f299a00b129
  CollapseTableView: 7c8156ed76cb970fde8a0da034d41ae77f47be40
  DeviceKit: fa74d97499660e88081718b16688e19217595dba
  DropDown: 75562633a203f57a917021b4edb96c76f293b0ec
  FBSDKCoreKit: f9bae468a078f20c05c73450825ccd54cfafbbb7
  FBSDKLoginKit: 4ece964272a52c4e1363d5c048a545e33761491b
  FBSDKShareKit: 09c3b7166802a3629970fa00d45d59cf6942df37
  Firebase: 710decbbc6d9d48530e9a5dba3209740c3532e05
  FirebaseAnalytics: 5b02a63ead2c3f0259cfc7f15e053e440587ecf8
  FirebaseAuth: dc0dd403beca5b2b016aac89c2d0b8dad1c81926
  FirebaseCore: 3c02ec652db3d03fdc8bc6d9154af3e20d64b6f5
  FirebaseFirestore: 0fb0301657759bdd7a4bc37a436e543a86b189ad
  FirebaseInstanceID: 81df5805a08001e69138664bdd02c6719a9ac80f
  FirebaseMessaging: dfdcd307c2382290a1e297a81d0f18370f5b1bcd
  FirebaseStorage: ab08d1c93a2feffa038fdd6693088b310ab1e6c6
  GoogleAnalytics: f42cc53a87a51fe94334821868d9c8481ff47a7b
  GoogleMaps: 5c13302e6fe6bb6e686b267196586b91cd594225
  GooglePlacePicker: fa975116ac202ac29822c0a79758ea1c4db5a95f
  GooglePlaces: e874db179f2675c4f3eeda0b686b540273a578b0
  GoogleSignIn: 3fdaa34a2ba04dbd7a25d7db39aecb0da98d5bdc
  GoogleToolboxForMac: 2501e2ad72a52eb3dfe7bd9aee7dad11b858bd20
  gRPC: 9f6be4f675ef68e319e8626f7d9d3ea032967552
  gRPC-Core: 513194cf993ff0ec0f95accf7f9c663a0cc15da9
  gRPC-ProtoRPC: edf9a20c8c43945f073037b499545f3845ec74d6
  gRPC-RxLibrary: 82958ff4e5b7c498fa3332638d15afb4bfac7227
  GTMOAuth2: e8b6512c896235149df975c41d9a36c868ab7fba
  GTMSessionFetcher: ebaa1f79a5366922c1735f1566901f50beba23b7
  ImageSlideshow: 634865d7d4e96f21e3830a31b51bde768cc94cea
  IQKeyboardManagerSwift: 30fb3a61de1af53a95e02b80fb54ed0a19d5ede5
  JGProgressHUD: 12b20a8f4ffe05258f8635c1ab92816e451f904d
  Kingfisher: 2fef2f4d9e809285aff7f6195b5290520904f3fa
  leveldb-library: 55d93ee664b4007aac644a782d11da33fba316f7
  Mapbox-iOS-SDK: 2b58f752d94e57e95b8e54f3b52569199f6efdba
  MapboxGeocoder.swift: b78a3d2f42bef7d51edbb2444768634e5de722db
  MarqueeLabel: 440a502b91a9179bd98f9fff00ba1150650a1c0e
  nanopb: 5601e6bca2dbf1ed831b519092ec110f66982ca3
  NotificationBannerSwift: 5d0191ae57c4b38e484dab4912e32d1ed99fce61
  NVActivityIndicatorView: 60109b9bf46efc2e71ab81453196ccdfdfeea870
  OpalImagePicker: efc91612ef5b3849314801f68fddc26200da9435
  Protobuf: 8a9838fba8dae3389230e1b7f8c104aa32389c03
  SDWebImage: 791bb72962b3492327ddcac4b1880bd1b5458431
  SlideMenuControllerSwift: 021d6318201c53d4d4d3710517d43d6c556c7dd0
  SnapKit: 0de968a9fec17499afa29683b05d0c775b6d1c29
  Stripe: dd5bfdd5f1daed4f9ddbfb47e9449ec302f9f708
  SwiftyJSON: 070dabdcb1beb81b247c65ffa3a79dbbfb3b48aa
  TextFieldEffects: 4ee41b5216e674d55fb6ac25107bf1af7629176f
  "UITextField+Shake": 298ac5a0f239d731bdab999b19b628c956ca0ac3
  XLPagerTabStrip: 22d4c58200d7c105e0e407ab6bfd01a5d85014be

PODFILE CHECKSUM: 5dbb3324c222347b8bc49fc85311bcbe34a440c9

COCOAPODS: 1.9.3
